<?xml version="1.0" encoding="utf-8"?>
<Project ToolsVersion="4.0" xmlns="http://schemas.microsoft.com/developer/msbuild/2003">
  <ItemGroup>
    <Filter Include="Source Files">
      <UniqueIdentifier>{4FC737F1-C7A5-4376-A066-2A32D752A2FF}</UniqueIdentifier>
      <Extensions>cpp;c;cc;cxx;def;odl;idl;hpj;bat;asm;asmx</Extensions>
    </Filter>
    <Filter Include="Resource Files">
      <UniqueIdentifier>{67DA6AB6-F800-4c08-8B7A-83BB121AAD01}</UniqueIdentifier>
      <Extensions>rc;ico;cur;bmp;dlg;rc2;rct;bin;rgs;gif;jpg;jpeg;jpe;resx;tiff;tif;png;wav;mfcribbon-ms</Extensions>
    </Filter>
    <Filter Include="Header Files">
      <UniqueIdentifier>{8362234e-02ed-45b6-b9b7-bd76566bc3ec}</UniqueIdentifier>
    </Filter>
    <Filter Include="Header Files\Facade">
      <UniqueIdentifier>{aff1b561-6b38-4211-abe1-31b445a8cd16}</UniqueIdentifier>
    </Filter>
    <Filter Include="Source Files\Facade">
      <UniqueIdentifier>{f35cfd05-224f-469c-946e-930ce3f930b2}</UniqueIdentifier>
    </Filter>
  </ItemGroup>
  <ItemGroup>
    <ClInclude Include="header\AdaboostDetector.h">
      <Filter>Header Files</Filter>
    </ClInclude>
    <ClInclude Include="header\AGFLabeler.h">
      <Filter>Header Files</Filter>
    </ClInclude>
    <ClInclude Include="header\BayesianHistograms.h">
      <Filter>Header Files</Filter>
    </ClInclude>
    <ClInclude Include="header\BayesianPixelClassifier.h">
      <Filter>Header Files</Filter>
    </ClInclude>
    <ClInclude Include="header\BayesianSegmenter.h">
      <Filter>Header Files</Filter>
    </ClInclude>
    <ClInclude Include="header\Bezier.h">
      <Filter>Header Files</Filter>
    </ClInclude>
    <ClInclude Include="header\Canny.h">
      <Filter>Header Files</Filter>
    </ClInclude>
    <ClInclude Include="header\ContourExtractor.h">
      <Filter>Header Files</Filter>
    </ClInclude>
    <ClInclude Include="header\Corner.h">
      <Filter>Header Files</Filter>
    </ClInclude>
    <ClInclude Include="header\CornersExtractor.h">
      <Filter>Header Files</Filter>
    </ClInclude>
    <ClInclude Include="header\DatabaseReader.h">
      <Filter>Header Files</Filter>
    </ClInclude>
    <ClInclude Include="header\Detector.h">
      <Filter>Header Files</Filter>
    </ClInclude>
    <ClInclude Include="header\Evaluator.h">
      <Filter>Header Files</Filter>
    </ClInclude>
    <ClInclude Include="header\Features.h">
      <Filter>Header Files</Filter>
    </ClInclude>
    <ClInclude Include="header\FixedFunctionClassifier.h">
      <Filter>Header Files</Filter>
    </ClInclude>
    <ClInclude Include="header\Follower.h">
      <Filter>Header Files</Filter>
    </ClInclude>
    <ClInclude Include="header\GFTTExtractor.h">
      <Filter>Header Files</Filter>
    </ClInclude>
    <ClInclude Include="header\HaftDll.h">
      <Filter>Header Files</Filter>
    </ClInclude>
    <ClInclude Include="header\Hand.h">
      <Filter>Header Files</Filter>
    </ClInclude>
    <ClInclude Include="header\HandDetector.h">
      <Filter>Header Files</Filter>
    </ClInclude>
    <ClInclude Include="header\Histogram.h">
      <Filter>Header Files</Filter>
    </ClInclude>
    <ClInclude Include="header\HSVRGBClassifier.h">
      <Filter>Header Files</Filter>
    </ClInclude>
    <ClInclude Include="header\HSVSobottkaPitas.h">
      <Filter>Header Files</Filter>
    </ClInclude>
    <ClInclude Include="header\ImageProcessor.h">
      <Filter>Header Files</Filter>
    </ClInclude>
    <ClInclude Include="header\Labeler.h">
      <Filter>Header Files</Filter>
    </ClInclude>
    <ClInclude Include="header\LUTClassifier.h">
      <Filter>Header Files</Filter>
    </ClInclude>
    <ClInclude Include="header\LutManager.h">
      <Filter>Header Files</Filter>
    </ClInclude>
    <ClInclude Include="header\PanFollower.h">
      <Filter>Header Files</Filter>
    </ClInclude>
    <ClInclude Include="header\PixelClassifier.h">
      <Filter>Header Files</Filter>
    </ClInclude>
    <ClInclude Include="header\PRFLabeler.h">
      <Filter>Header Files</Filter>
    </ClInclude>
    <ClInclude Include="header\QuadsFinder.h">
      <Filter>Header Files</Filter>
    </ClInclude>
    <ClInclude Include="header\Refiner.h">
      <Filter>Header Files</Filter>
    </ClInclude>
    <ClInclude Include="header\SegmentationEvaluator.h">
      <Filter>Header Files</Filter>
    </ClInclude>
    <ClInclude Include="header\Segmenter.h">
      <Filter>Header Files</Filter>
    </ClInclude>
    <ClInclude Include="header\SingleGaussianClassifier.h">
      <Filter>Header Files</Filter>
    </ClInclude>
    <ClInclude Include="header\Skeletonizer.h">
      <Filter>Header Files</Filter>
    </ClInclude>
    <ClInclude Include="header\Target.h">
      <Filter>Header Files</Filter>
    </ClInclude>
    <ClInclude Include="header\TargetIDManager.h">
      <Filter>Header Files</Filter>
    </ClInclude>
    <ClInclude Include="header\ThresholdApplier.h">
      <Filter>Header Files</Filter>
    </ClInclude>
    <ClInclude Include="header\Tracker.h">
      <Filter>Header Files</Filter>
    </ClInclude>
    <ClInclude Include="header\Tracker2.h">
      <Filter>Header Files</Filter>
    </ClInclude>
    <ClInclude Include="header\UI.h">
      <Filter>Header Files</Filter>
    </ClInclude>
    <ClInclude Include="header\Util.h">
      <Filter>Header Files</Filter>
    </ClInclude>
    <ClInclude Include="header\YCrCbGarciaTziritas.h">
      <Filter>Header Files</Filter>
    </ClInclude>
    <ClInclude Include="header\YCrCbHSVClassifier.h">
      <Filter>Header Files</Filter>
    </ClInclude>
    <ClInclude Include="Header\Globals.h">
      <Filter>Header Files</Filter>
    </ClInclude>
    <ClInclude Include="header\voxar_haft.h">
      <Filter>Header Files\Facade</Filter>
    </ClInclude>
  </ItemGroup>
  <ItemGroup>
    <ClCompile Include="Source\AdaboostDetector.cpp">
      <Filter>Source Files</Filter>
    </ClCompile>
    <ClCompile Include="Source\Globals.cpp">
      <Filter>Source Files</Filter>
    </ClCompile>
    <ClCompile Include="Source\voxar_haft.cpp">
      <Filter>Source Files\Facade</Filter>
    </ClCompile>
    <ClCompile Include="Source\Detector.cpp">
      <Filter>Source Files</Filter>
    </ClCompile>
  </ItemGroup>
</Project>